// !$*UTF8*$!
{
	archiveVersion = 1;
	classes = {
	};
	objectVersion = 50;
	objects = {

/* Begin PBXBuildFile section */
		02DD600A2534053E001FB60D /* ib_econ_appApp.swift in Sources */ = {isa = PBXBuildFile; fileRef = 02DD60092534053E001FB60D /* ib_econ_appApp.swift */; };
		02DD600C2534053E001FB60D /* ContentView.swift in Sources */ = {isa = PBXBuildFile; fileRef = 02DD600B2534053E001FB60D /* ContentView.swift */; };
		02DD600E2534053F001FB60D /* Assets.xcassets in Resources */ = {isa = PBXBuildFile; fileRef = 02DD600D2534053F001FB60D /* Assets.xcassets */; };
		02DD60112534053F001FB60D /* Preview Assets.xcassets in Resources */ = {isa = PBXBuildFile; fileRef = 02DD60102534053F001FB60D /* Preview Assets.xcassets */; };
		02DD601C2534053F001FB60D /* ib_econ_appTests.swift in Sources */ = {isa = PBXBuildFile; fileRef = 02DD601B2534053F001FB60D /* ib_econ_appTests.swift */; };
		02DD60272534053F001FB60D /* ib_econ_appUITests.swift in Sources */ = {isa = PBXBuildFile; fileRef = 02DD60262534053F001FB60D /* ib_econ_appUITests.swift */; };
/* End PBXBuildFile section */

/* Begin PBXContainerItemProxy section */
		02DD60182534053F001FB60D /* PBXContainerItemProxy */ = {
			isa = PBXContainerItemProxy;
			containerPortal = 02DD5FFE2534053E001FB60D /* Project object */;
			proxyType = 1;
			remoteGlobalIDString = 02DD60052534053E001FB60D;
			remoteInfo = ib_econ_app;
		};
		02DD60232534053F001FB60D /* PBXContainerItemProxy */ = {
			isa = PBXContainerItemProxy;
			containerPortal = 02DD5FFE2534053E001FB60D /* Project object */;
			proxyType = 1;
			remoteGlobalIDString = 02DD60052534053E001FB60D;
			remoteInfo = ib_econ_app;
		};
/* End PBXContainerItemProxy section */

/* Begin PBXFileReference section */
		02DD60062534053E001FB60D /* ib_econ_app.app */ = {isa = PBXFileReference; explicitFileType = wrapper.application; includeInIndex = 0; path = ib_econ_app.app; sourceTree = BUILT_PRODUCTS_DIR; };
		02DD60092534053E001FB60D /* ib_econ_appApp.swift */ = {isa = PBXFileReference; lastKnownFileType = sourcecode.swift; path = ib_econ_appApp.swift; sourceTree = "<group>"; };
		02DD600B2534053E001FB60D /* ContentView.swift */ = {isa = PBXFileReference; lastKnownFileType = sourcecode.swift; path = ContentView.swift; sourceTree = "<group>"; };
		02DD600D2534053F001FB60D /* Assets.xcassets */ = {isa = PBXFileReference; lastKnownFileType = folder.assetcatalog; path = Assets.xcassets; sourceTree = "<group>"; };
		02DD60102534053F001FB60D /* Preview Assets.xcassets */ = {isa = PBXFileReference; lastKnownFileType = folder.assetcatalog; path = "Preview Assets.xcassets"; sourceTree = "<group>"; };
		02DD60122534053F001FB60D /* Info.plist */ = {isa = PBXFileReference; lastKnownFileType = text.plist.xml; path = Info.plist; sourceTree = "<group>"; };
		02DD60172534053F001FB60D /* ib_econ_appTests.xctest */ = {isa = PBXFileReference; explicitFileType = wrapper.cfbundle; includeInIndex = 0; path = ib_econ_appTests.xctest; sourceTree = BUILT_PRODUCTS_DIR; };
		02DD601B2534053F001FB60D /* ib_econ_appTests.swift */ = {isa = PBXFileReference; lastKnownFileType = sourcecode.swift; path = ib_econ_appTests.swift; sourceTree = "<group>"; };
		02DD601D2534053F001FB60D /* Info.plist */ = {isa = PBXFileReference; lastKnownFileType = text.plist.xml; path = Info.plist; sourceTree = "<group>"; };
		02DD60222534053F001FB60D /* ib_econ_appUITests.xctest */ = {isa = PBXFileReference; explicitFileType = wrapper.cfbundle; includeInIndex = 0; path = ib_econ_appUITests.xctest; sourceTree = BUILT_PRODUCTS_DIR; };
		02DD60262534053F001FB60D /* ib_econ_appUITests.swift */ = {isa = PBXFileReference; lastKnownFileType = sourcecode.swift; path = ib_econ_appUITests.swift; sourceTree = "<group>"; };
		02DD60282534053F001FB60D /* Info.plist */ = {isa = PBXFileReference; lastKnownFileType = text.plist.xml; path = Info.plist; sourceTree = "<group>"; };
/* End PBXFileReference section */

/* Begin PBXFrameworksBuildPhase section */
		02DD60032534053E001FB60D /* Frameworks */ = {
			isa = PBXFrameworksBuildPhase;
			buildActionMask = 2147483647;
			files = (
			);
			runOnlyForDeploymentPostprocessing = 0;
		};
		02DD60142534053F001FB60D /* Frameworks */ = {
			isa = PBXFrameworksBuildPhase;
			buildActionMask = 2147483647;
			files = (
			);
			runOnlyForDeploymentPostprocessing = 0;
		};
		02DD601F2534053F001FB60D /* Frameworks */ = {
			isa = PBXFrameworksBuildPhase;
			buildActionMask = 2147483647;
			files = (
			);
			runOnlyForDeploymentPostprocessing = 0;
		};
/* End PBXFrameworksBuildPhase section */

/* Begin PBXGroup section */
		02DD5FFD2534053E001FB60D = {
			isa = PBXGroup;
			children = (
				02DD60082534053E001FB60D /* ib_econ_app */,
				02DD601A2534053F001FB60D /* ib_econ_appTests */,
				02DD60252534053F001FB60D /* ib_econ_appUITests */,
				02DD60072534053E001FB60D /* Products */,
			);
			sourceTree = "<group>";
		};
		02DD60072534053E001FB60D /* Products */ = {
			isa = PBXGroup;
			children = (
				02DD60062534053E001FB60D /* ib_econ_app.app */,
				02DD60172534053F001FB60D /* ib_econ_appTests.xctest */,
				02DD60222534053F001FB60D /* ib_econ_appUITests.xctest */,
			);
			name = Products;
			sourceTree = "<group>";
		};
		02DD60082534053E001FB60D /* ib_econ_app */ = {
			isa = PBXGroup;
			children = (
				02DD60092534053E001FB60D /* ib_econ_appApp.swift */,
				02DD600B2534053E001FB60D /* ContentView.swift */,
				02DD600D2534053F001FB60D /* Assets.xcassets */,
				02DD60122534053F001FB60D /* Info.plist */,
				02DD600F2534053F001FB60D /* Preview Content */,
			);
			path = ib_econ_app;
			sourceTree = "<group>";
		};
		02DD600F2534053F001FB60D /* Preview Content */ = {
			isa = PBXGroup;
			children = (
				02DD60102534053F001FB60D /* Preview Assets.xcassets */,
			);
			path = "Preview Content";
			sourceTree = "<group>";
		};
		02DD601A2534053F001FB60D /* ib_econ_appTests */ = {
			isa = PBXGroup;
			children = (
				02DD601B2534053F001FB60D /* ib_econ_appTests.swift */,
				02DD601D2534053F001FB60D /* Info.plist */,
			);
			path = ib_econ_appTests;
			sourceTree = "<group>";
		};
		02DD60252534053F001FB60D /* ib_econ_appUITests */ = {
			isa = PBXGroup;
			children = (
				02DD60262534053F001FB60D /* ib_econ_appUITests.swift */,
				02DD60282534053F001FB60D /* Info.plist */,
			);
			path = ib_econ_appUITests;
			sourceTree = "<group>";
		};
/* End PBXGroup section */

/* Begin PBXNativeTarget section */
		02DD60052534053E001FB60D /* ib_econ_app */ = {
			isa = PBXNativeTarget;
			buildConfigurationList = 02DD602B2534053F001FB60D /* Build configuration list for PBXNativeTarget "ib_econ_app" */;
			buildPhases = (
				02DD60022534053E001FB60D /* Sources */,
				02DD60032534053E001FB60D /* Frameworks */,
				02DD60042534053E001FB60D /* Resources */,
			);
			buildRules = (
			);
			dependencies = (
			);
			name = ib_econ_app;
			productName = ib_econ_app;
			productReference = 02DD60062534053E001FB60D /* ib_econ_app.app */;
			productType = "com.apple.product-type.application";
		};
		02DD60162534053F001FB60D /* ib_econ_appTests */ = {
			isa = PBXNativeTarget;
			buildConfigurationList = 02DD602E2534053F001FB60D /* Build configuration list for PBXNativeTarget "ib_econ_appTests" */;
			buildPhases = (
				02DD60132534053F001FB60D /* Sources */,
				02DD60142534053F001FB60D /* Frameworks */,
				02DD60152534053F001FB60D /* Resources */,
			);
			buildRules = (
			);
			dependencies = (
				02DD60192534053F001FB60D /* PBXTargetDependency */,
			);
			name = ib_econ_appTests;
			productName = ib_econ_appTests;
			productReference = 02DD60172534053F001FB60D /* ib_econ_appTests.xctest */;
			productType = "com.apple.product-type.bundle.unit-test";
		};
		02DD60212534053F001FB60D /* ib_econ_appUITests */ = {
			isa = PBXNativeTarget;
			buildConfigurationList = 02DD60312534053F001FB60D /* Build configuration list for PBXNativeTarget "ib_econ_appUITests" */;
			buildPhases = (
				02DD601E2534053F001FB60D /* Sources */,
				02DD601F2534053F001FB60D /* Frameworks */,
				02DD60202534053F001FB60D /* Resources */,
			);
			buildRules = (
			);
			dependencies = (
				02DD60242534053F001FB60D /* PBXTargetDependency */,
			);
			name = ib_econ_appUITests;
			productName = ib_econ_appUITests;
			productReference = 02DD60222534053F001FB60D /* ib_econ_appUITests.xctest */;
			productType = "com.apple.product-type.bundle.ui-testing";
		};
/* End PBXNativeTarget section */

/* Begin PBXProject section */
		02DD5FFE2534053E001FB60D /* Project object */ = {
			isa = PBXProject;
			attributes = {
				LastSwiftUpdateCheck = 1200;
				LastUpgradeCheck = 1200;
				TargetAttributes = {
					02DD60052534053E001FB60D = {
						CreatedOnToolsVersion = 12.0;
					};
					02DD60162534053F001FB60D = {
						CreatedOnToolsVersion = 12.0;
						TestTargetID = 02DD60052534053E001FB60D;
					};
					02DD60212534053F001FB60D = {
						CreatedOnToolsVersion = 12.0;
						TestTargetID = 02DD60052534053E001FB60D;
					};
				};
			};
			buildConfigurationList = 02DD60012534053E001FB60D /* Build configuration list for PBXProject "ib_econ_app" */;
			compatibilityVersion = "Xcode 9.3";
			developmentRegion = en;
			hasScannedForEncodings = 0;
			knownRegions = (
				en,
				Base,
			);
			mainGroup = 02DD5FFD2534053E001FB60D;
			productRefGroup = 02DD60072534053E001FB60D /* Products */;
			projectDirPath = "";
			projectRoot = "";
			targets = (
				02DD60052534053E001FB60D /* ib_econ_app */,
				02DD60162534053F001FB60D /* ib_econ_appTests */,
				02DD60212534053F001FB60D /* ib_econ_appUITests */,
			);
		};
/* End PBXProject section */

/* Begin PBXResourcesBuildPhase section */
		02DD60042534053E001FB60D /* Resources */ = {
			isa = PBXResourcesBuildPhase;
			buildActionMask = 2147483647;
			files = (
				02DD60112534053F001FB60D /* Preview Assets.xcassets in Resources */,
				02DD600E2534053F001FB60D /* Assets.xcassets in Resources */,
			);
			runOnlyForDeploymentPostprocessing = 0;
		};
		02DD60152534053F001FB60D /* Resources */ = {
			isa = PBXResourcesBuildPhase;
			buildActionMask = 2147483647;
			files = (
			);
			runOnlyForDeploymentPostprocessing = 0;
		};
		02DD60202534053F001FB60D /* Resources */ = {
			isa = PBXResourcesBuildPhase;
			buildActionMask = 2147483647;
			files = (
			);
			runOnlyForDeploymentPostprocessing = 0;
		};
/* End PBXResourcesBuildPhase section */

/* Begin PBXSourcesBuildPhase section */
		02DD60022534053E001FB60D /* Sources */ = {
			isa = PBXSourcesBuildPhase;
			buildActionMask = 2147483647;
			files = (
				02DD600C2534053E001FB60D /* ContentView.swift in Sources */,
				02DD600A2534053E001FB60D /* ib_econ_appApp.swift in Sources */,
			);
			runOnlyForDeploymentPostprocessing = 0;
		};
		02DD60132534053F001FB60D /* Sources */ = {
			isa = PBXSourcesBuildPhase;
			buildActionMask = 2147483647;
			files = (
				02DD601C2534053F001FB60D /* ib_econ_appTests.swift in Sources */,
			);
			runOnlyForDeploymentPostprocessing = 0;
		};
		02DD601E2534053F001FB60D /* Sources */ = {
			isa = PBXSourcesBuildPhase;
			buildActionMask = 2147483647;
			files = (
				02DD60272534053F001FB60D /* ib_econ_appUITests.swift in Sources */,
			);
			runOnlyForDeploymentPostprocessing = 0;
		};
/* End PBXSourcesBuildPhase section */

/* Begin PBXTargetDependency section */
		02DD60192534053F001FB60D /* PBXTargetDependency */ = {
			isa = PBXTargetDependency;
			target = 02DD60052534053E001FB60D /* ib_econ_app */;
			targetProxy = 02DD60182534053F001FB60D /* PBXContainerItemProxy */;
		};
		02DD60242534053F001FB60D /* PBXTargetDependency */ = {
			isa = PBXTargetDependency;
			target = 02DD60052534053E001FB60D /* ib_econ_app */;
			targetProxy = 02DD60232534053F001FB60D /* PBXContainerItemProxy */;
		};
/* End PBXTargetDependency section */

/* Begin XCBuildConfiguration section */
		02DD60292534053F001FB60D /* Debug */ = {
			isa = XCBuildConfiguration;
			buildSettings = {
				ALWAYS_SEARCH_USER_PATHS = NO;
				CLANG_ANALYZER_NONNULL = YES;
				CLANG_ANALYZER_NUMBER_OBJECT_CONVERSION = YES_AGGRESSIVE;
				CLANG_CXX_LANGUAGE_STANDARD = "gnu++14";
				CLANG_CXX_LIBRARY = "libc++";
				CLANG_ENABLE_MODULES = YES;
				CLANG_ENABLE_OBJC_ARC = YES;
				CLANG_ENABLE_OBJC_WEAK = YES;
				CLANG_WARN_BLOCK_CAPTURE_AUTORELEASING = YES;
				CLANG_WARN_BOOL_CONVERSION = YES;
				CLANG_WARN_COMMA = YES;
				CLANG_WARN_CONSTANT_CONVERSION = YES;
				CLANG_WARN_DEPRECATED_OBJC_IMPLEMENTATIONS = YES;
				CLANG_WARN_DIRECT_OBJC_ISA_USAGE = YES_ERROR;
				CLANG_WARN_DOCUMENTATION_COMMENTS = YES;
				CLANG_WARN_EMPTY_BODY = YES;
				CLANG_WARN_ENUM_CONVERSION = YES;
				CLANG_WARN_INFINITE_RECURSION = YES;
				CLANG_WARN_INT_CONVERSION = YES;
				CLANG_WARN_NON_LITERAL_NULL_CONVERSION = YES;
				CLANG_WARN_OBJC_IMPLICIT_RETAIN_SELF = YES;
				CLANG_WARN_OBJC_LITERAL_CONVERSION = YES;
				CLANG_WARN_OBJC_ROOT_CLASS = YES_ERROR;
				CLANG_WARN_QUOTED_INCLUDE_IN_FRAMEWORK_HEADER = YES;
				CLANG_WARN_RANGE_LOOP_ANALYSIS = YES;
				CLANG_WARN_STRICT_PROTOTYPES = YES;
				CLANG_WARN_SUSPICIOUS_MOVE = YES;
				CLANG_WARN_UNGUARDED_AVAILABILITY = YES_AGGRESSIVE;
				CLANG_WARN_UNREACHABLE_CODE = YES;
				CLANG_WARN__DUPLICATE_METHOD_MATCH = YES;
				COPY_PHASE_STRIP = NO;
				DEBUG_INFORMATION_FORMAT = dwarf;
				ENABLE_STRICT_OBJC_MSGSEND = YES;
				ENABLE_TESTABILITY = YES;
				GCC_C_LANGUAGE_STANDARD = gnu11;
				GCC_DYNAMIC_NO_PIC = NO;
				GCC_NO_COMMON_BLOCKS = YES;
				GCC_OPTIMIZATION_LEVEL = 0;
				GCC_PREPROCESSOR_DEFINITIONS = (
					"DEBUG=1",
					"$(inherited)",
				);
				GCC_WARN_64_TO_32_BIT_CONVERSION = YES;
				GCC_WARN_ABOUT_RETURN_TYPE = YES_ERROR;
				GCC_WARN_UNDECLARED_SELECTOR = YES;
				GCC_WARN_UNINITIALIZED_AUTOS = YES_AGGRESSIVE;
				GCC_WARN_UNUSED_FUNCTION = YES;
				GCC_WARN_UNUSED_VARIABLE = YES;
				IPHONEOS_DEPLOYMENT_TARGET = 14.0;
				MTL_ENABLE_DEBUG_INFO = INCLUDE_SOURCE;
				MTL_FAST_MATH = YES;
				ONLY_ACTIVE_ARCH = YES;
				SDKROOT = iphoneos;
				SWIFT_ACTIVE_COMPILATION_CONDITIONS = DEBUG;
				SWIFT_OPTIMIZATION_LEVEL = "-Onone";
			};
			name = Debug;
		};
		02DD602A2534053F001FB60D /* Release */ = {
			isa = XCBuildConfiguration;
			buildSettings = {
				ALWAYS_SEARCH_USER_PATHS = NO;
				CLANG_ANALYZER_NONNULL = YES;
				CLANG_ANALYZER_NUMBER_OBJECT_CONVERSION = YES_AGGRESSIVE;
				CLANG_CXX_LANGUAGE_STANDARD = "gnu++14";
				CLANG_CXX_LIBRARY = "libc++";
				CLANG_ENABLE_MODULES = YES;
				CLANG_ENABLE_OBJC_ARC = YES;
				CLANG_ENABLE_OBJC_WEAK = YES;
				CLANG_WARN_BLOCK_CAPTURE_AUTORELEASING = YES;
				CLANG_WARN_BOOL_CONVERSION = YES;
				CLANG_WARN_COMMA = YES;
				CLANG_WARN_CONSTANT_CONVERSION = YES;
				CLANG_WARN_DEPRECATED_OBJC_IMPLEMENTATIONS = YES;
				CLANG_WARN_DIRECT_OBJC_ISA_USAGE = YES_ERROR;
				CLANG_WARN_DOCUMENTATION_COMMENTS = YES;
				CLANG_WARN_EMPTY_BODY = YES;
				CLANG_WARN_ENUM_CONVERSION = YES;
				CLANG_WARN_INFINITE_RECURSION = YES;
				CLANG_WARN_INT_CONVERSION = YES;
				CLANG_WARN_NON_LITERAL_NULL_CONVERSION = YES;
				CLANG_WARN_OBJC_IMPLICIT_RETAIN_SELF = YES;
				CLANG_WARN_OBJC_LITERAL_CONVERSION = YES;
				CLANG_WARN_OBJC_ROOT_CLASS = YES_ERROR;
				CLANG_WARN_QUOTED_INCLUDE_IN_FRAMEWORK_HEADER = YES;
				CLANG_WARN_RANGE_LOOP_ANALYSIS = YES;
				CLANG_WARN_STRICT_PROTOTYPES = YES;
				CLANG_WARN_SUSPICIOUS_MOVE = YES;
				CLANG_WARN_UNGUARDED_AVAILABILITY = YES_AGGRESSIVE;
				CLANG_WARN_UNREACHABLE_CODE = YES;
				CLANG_WARN__DUPLICATE_METHOD_MATCH = YES;
				COPY_PHASE_STRIP = NO;
				DEBUG_INFORMATION_FORMAT = "dwarf-with-dsym";
				ENABLE_NS_ASSERTIONS = NO;
				ENABLE_STRICT_OBJC_MSGSEND = YES;
				GCC_C_LANGUAGE_STANDARD = gnu11;
				GCC_NO_COMMON_BLOCKS = YES;
				GCC_WARN_64_TO_32_BIT_CONVERSION = YES;
				GCC_WARN_ABOUT_RETURN_TYPE = YES_ERROR;
				GCC_WARN_UNDECLARED_SELECTOR = YES;
				GCC_WARN_UNINITIALIZED_AUTOS = YES_AGGRESSIVE;
				GCC_WARN_UNUSED_FUNCTION = YES;
				GCC_WARN_UNUSED_VARIABLE = YES;
				IPHONEOS_DEPLOYMENT_TARGET = 14.0;
				MTL_ENABLE_DEBUG_INFO = NO;
				MTL_FAST_MATH = YES;
				SDKROOT = iphoneos;
				SWIFT_COMPILATION_MODE = wholemodule;
				SWIFT_OPTIMIZATION_LEVEL = "-O";
				VALIDATE_PRODUCT = YES;
			};
			name = Release;
		};
		02DD602C2534053F001FB60D /* Debug */ = {
			isa = XCBuildConfiguration;
			buildSettings = {
				ASSETCATALOG_COMPILER_APPICON_NAME = AppIcon;
				ASSETCATALOG_COMPILER_GLOBAL_ACCENT_COLOR_NAME = AccentColor;
				CODE_SIGN_STYLE = Automatic;
				DEVELOPMENT_ASSET_PATHS = "\"ib_econ_app/Preview Content\"";
				ENABLE_PREVIEWS = YES;
				INFOPLIST_FILE = ib_econ_app/Info.plist;
				IPHONEOS_DEPLOYMENT_TARGET = 14.0;
				LD_RUNPATH_SEARCH_PATHS = (
					"$(inherited)",
					"@executable_path/Frameworks",
				);
				PRODUCT_BUNDLE_IDENTIFIER = "danblustein.ib-econ-app";
				PRODUCT_NAME = "$(TARGET_NAME)";
				SWIFT_VERSION = 5.0;
				TARGETED_DEVICE_FAMILY = "1,2";
			};
			name = Debug;
		};
		02DD602D2534053F001FB60D /* Release */ = {
			isa = XCBuildConfiguration;
			buildSettings = {
				ASSETCATALOG_COMPILER_APPICON_NAME = AppIcon;
				ASSETCATALOG_COMPILER_GLOBAL_ACCENT_COLOR_NAME = AccentColor;
				CODE_SIGN_STYLE = Automatic;
				DEVELOPMENT_ASSET_PATHS = "\"ib_econ_app/Preview Content\"";
				ENABLE_PREVIEWS = YES;
				INFOPLIST_FILE = ib_econ_app/Info.plist;
				IPHONEOS_DEPLOYMENT_TARGET = 14.0;
				LD_RUNPATH_SEARCH_PATHS = (
					"$(inherited)",
					"@executable_path/Frameworks",
				);
				PRODUCT_BUNDLE_IDENTIFIER = "danblustein.ib-econ-app";
				PRODUCT_NAME = "$(TARGET_NAME)";
				SWIFT_VERSION = 5.0;
				TARGETED_DEVICE_FAMILY = "1,2";
			};
			name = Release;
		};
		02DD602F2534053F001FB60D /* Debug */ = {
			isa = XCBuildConfiguration;
			buildSettings = {
				ALWAYS_EMBED_SWIFT_STANDARD_LIBRARIES = YES;
				BUNDLE_LOADER = "$(TEST_HOST)";
				CODE_SIGN_STYLE = Automatic;
				INFOPLIST_FILE = ib_econ_appTests/Info.plist;
				IPHONEOS_DEPLOYMENT_TARGET = 14.0;
				LD_RUNPATH_SEARCH_PATHS = (
					"$(inherited)",
					"@executable_path/Frameworks",
					"@loader_path/Frameworks",
				);
				PRODUCT_BUNDLE_IDENTIFIER = "danblustein.ib-econ-appTests";
				PRODUCT_NAME = "$(TARGET_NAME)";
				SWIFT_VERSION = 5.0;
				TARGETED_DEVICE_FAMILY = "1,2";
				TEST_HOST = "$(BUILT_PRODUCTS_DIR)/ib_econ_app.app/ib_econ_app";
			};
			name = Debug;
		};
		02DD60302534053F001FB60D /* Release */ = {
			isa = XCBuildConfiguration;
			buildSettings = {
				ALWAYS_EMBED_SWIFT_STANDARD_LIBRARIES = YES;
				BUNDLE_LOADER = "$(TEST_HOST)";
				CODE_SIGN_STYLE = Automatic;
				INFOPLIST_FILE = ib_econ_appTests/Info.plist;
				IPHONEOS_DEPLOYMENT_TARGET = 14.0;
				LD_RUNPATH_SEARCH_PATHS = (
					"$(inherited)",
					"@executable_path/Frameworks",
					"@loader_path/Frameworks",
				);
				PRODUCT_BUNDLE_IDENTIFIER = "danblustein.ib-econ-appTests";
				PRODUCT_NAME = "$(TARGET_NAME)";
				SWIFT_VERSION = 5.0;
				TARGETED_DEVICE_FAMILY = "1,2";
				TEST_HOST = "$(BUILT_PRODUCTS_DIR)/ib_econ_app.app/ib_econ_app";
			};
			name = Release;
		};
		02DD60322534053F001FB60D /* Debug */ = {
			isa = XCBuildConfiguration;
			buildSettings = {
				ALWAYS_EMBED_SWIFT_STANDARD_LIBRARIES = YES;
				CODE_SIGN_STYLE = Automatic;
				INFOPLIST_FILE = ib_econ_appUITests/Info.plist;
				LD_RUNPATH_SEARCH_PATHS = (
					"$(inherited)",
					"@executable_path/Frameworks",
					"@loader_path/Frameworks",
				);
				PRODUCT_BUNDLE_IDENTIFIER = "danblustein.ib-econ-appUITests";
				PRODUCT_NAME = "$(TARGET_NAME)";
				SWIFT_VERSION = 5.0;
				TARGETED_DEVICE_FAMILY = "1,2";
				TEST_TARGET_NAME = ib_econ_app;
			};
			name = Debug;
		};
		02DD60332534053F001FB60D /* Release */ = {
			isa = XCBuildConfiguration;
			buildSettings = {
				ALWAYS_EMBED_SWIFT_STANDARD_LIBRARIES = YES;
				CODE_SIGN_STYLE = Automatic;
				INFOPLIST_FILE = ib_econ_appUITests/Info.plist;
				LD_RUNPATH_SEARCH_PATHS = (
					"$(inherited)",
					"@executable_path/Frameworks",
					"@loader_path/Frameworks",
				);
				PRODUCT_BUNDLE_IDENTIFIER = "danblustein.ib-econ-appUITests";
				PRODUCT_NAME = "$(TARGET_NAME)";
				SWIFT_VERSION = 5.0;
				TARGETED_DEVICE_FAMILY = "1,2";
				TEST_TARGET_NAME = ib_econ_app;
			};
			name = Release;
		};
/* End XCBuildConfiguration section */

/* Begin XCConfigurationList section */
		02DD60012534053E001FB60D /* Build configuration list for PBXProject "ib_econ_app" */ = {
			isa = XCConfigurationList;
			buildConfigurations = (
				02DD60292534053F001FB60D /* Debug */,
				02DD602A2534053F001FB60D /* Release */,
			);
			defaultConfigurationIsVisible = 0;
			defaultConfigurationName = Release;
		};
		02DD602B2534053F001FB60D /* Build configuration list for PBXNativeTarget "ib_econ_app" */ = {
			isa = XCConfigurationList;
			buildConfigurations = (
				02DD602C2534053F001FB60D /* Debug */,
				02DD602D2534053F001FB60D /* Release */,
			);
			defaultConfigurationIsVisible = 0;
			defaultConfigurationName = Release;
		};
		02DD602E2534053F001FB60D /* Build configuration list for PBXNativeTarget "ib_econ_appTests" */ = {
			isa = XCConfigurationList;
			buildConfigurations = (
				02DD602F2534053F001FB60D /* Debug */,
				02DD60302534053F001FB60D /* Release */,
			);
			defaultConfigurationIsVisible = 0;
			defaultConfigurationName = Release;
		};
		02DD60312534053F001FB60D /* Build configuration list for PBXNativeTarget "ib_econ_appUITests" */ = {
			isa = XCConfigurationList;
			buildConfigurations = (
				02DD60322534053F001FB60D /* Debug */,
				02DD60332534053F001FB60D /* Release */,
			);
			defaultConfigurationIsVisible = 0;
			defaultConfigurationName = Release;
		};
/* End XCConfigurationList section */
	};
	rootObject = 02DD5FFE2534053E001FB60D /* Project object */;
}
